// !$*UTF8*$!
{
	archiveVersion = 1;
	classes = {
	};
	objectVersion = 56;
	objects = {

/* Begin PBXBuildFile section */
		0433570F2E266ED70007D780 /* Pocket_TherapistApp.swift in Sources */ = {isa = PBXBuildFile; fileRef = 0433570E2E266ED70007D780 /* Pocket_TherapistApp.swift */; };
		043357112E266ED70007D780 /* ContentView.swift in Sources */ = {isa = PBXBuildFile; fileRef = 043357102E266ED70007D780 /* ContentView.swift */; };
		043357132E266ED90007D780 /* Assets.xcassets in Resources */ = {isa = PBXBuildFile; fileRef = 043357122E266ED90007D780 /* Assets.xcassets */; };
		043357162E266ED90007D780 /* Preview Assets.xcassets in Resources */ = {isa = PBXBuildFile; fileRef = 043357152E266ED90007D780 /* Preview Assets.xcassets */; };
		0433571D2E266F950007D780 /* SpeechRecognizer.swift in Sources */ = {isa = PBXBuildFile; fileRef = 0433571C2E266F950007D780 /* SpeechRecognizer.swift */; };
		0433571F2E267DF90007D780 /* AIService.swift in Sources */ = {isa = PBXBuildFile; fileRef = 0433571E2E267DF90007D780 /* AIService.swift */; };
		04CA88652E26BB20008DB002 /* WaveformView.swift in Sources */ = {isa = PBXBuildFile; fileRef = 04CA88642E26BB20008DB002 /* WaveformView.swift */; };
		04CA88672E26C0B5008DB002 /* PrimaryButtonStyle.swift in Sources */ = {isa = PBXBuildFile; fileRef = 04CA88662E26C0B5008DB002 /* PrimaryButtonStyle.swift */; };
		04CA88692E26C148008DB002 /* SecondaryButtonStyle.swift in Sources */ = {isa = PBXBuildFile; fileRef = 04CA88682E26C148008DB002 /* SecondaryButtonStyle.swift */; };
		04CA88702E27496E008DB002 /* ConversationMessage.swift in Sources */ = {isa = PBXBuildFile; fileRef = 04CA886F2E27496E008DB002 /* ConversationMessage.swift */; };
		04CA88722E2749BF008DB002 /* ConversationStore.swift in Sources */ = {isa = PBXBuildFile; fileRef = 04CA88712E2749BF008DB002 /* ConversationStore.swift */; };
		04CA88742E274C68008DB002 /* ConversationManager.swift in Sources */ = {isa = PBXBuildFile; fileRef = 04CA88732E274C68008DB002 /* ConversationManager.swift */; };
		04CA88762E274CD6008DB002 /* ConversationHistoryView.swift in Sources */ = {isa = PBXBuildFile; fileRef = 04CA88752E274CD6008DB002 /* ConversationHistoryView.swift */; };
		04CA88782E275411008DB002 /* TeamsColors.swift in Sources */ = {isa = PBXBuildFile; fileRef = 04CA88772E275411008DB002 /* TeamsColors.swift */; };
		04CA887A2E275448008DB002 /* HeaderView.swift in Sources */ = {isa = PBXBuildFile; fileRef = 04CA88792E275448008DB002 /* HeaderView.swift */; };
		04CA887C2E27548D008DB002 /* ChatMessagesView.swift in Sources */ = {isa = PBXBuildFile; fileRef = 04CA887B2E27548D008DB002 /* ChatMessagesView.swift */; };
		04CA887E2E2754CE008DB002 /* MessageBubbleView.swift in Sources */ = {isa = PBXBuildFile; fileRef = 04CA887D2E2754CE008DB002 /* MessageBubbleView.swift */; };
		04CA88802E275537008DB002 /* InputAreaView.swift in Sources */ = {isa = PBXBuildFile; fileRef = 04CA887F2E275537008DB002 /* InputAreaView.swift */; };
		04CA88822E2755EE008DB002 /* ChatViewModel.swift in Sources */ = {isa = PBXBuildFile; fileRef = 04CA88812E2755EE008DB002 /* ChatViewModel.swift */; };
		04CA88842E27563B008DB002 /* SpeechService.swift in Sources */ = {isa = PBXBuildFile; fileRef = 04CA88832E27563B008DB002 /* SpeechService.swift */; };
/* End PBXBuildFile section */

/* Begin PBXFileReference section */
		0433570B2E266ED60007D780 /* Pocket Therapist.app */ = {isa = PBXFileReference; explicitFileType = wrapper.application; includeInIndex = 0; path = "Pocket Therapist.app"; sourceTree = BUILT_PRODUCTS_DIR; };
		0433570E2E266ED70007D780 /* Pocket_TherapistApp.swift */ = {isa = PBXFileReference; lastKnownFileType = sourcecode.swift; path = Pocket_TherapistApp.swift; sourceTree = "<group>"; };
		043357102E266ED70007D780 /* ContentView.swift */ = {isa = PBXFileReference; lastKnownFileType = sourcecode.swift; path = ContentView.swift; sourceTree = "<group>"; };
		043357122E266ED90007D780 /* Assets.xcassets */ = {isa = PBXFileReference; lastKnownFileType = folder.assetcatalog; path = Assets.xcassets; sourceTree = "<group>"; };
		043357152E266ED90007D780 /* Preview Assets.xcassets */ = {isa = PBXFileReference; lastKnownFileType = folder.assetcatalog; path = "Preview Assets.xcassets"; sourceTree = "<group>"; };
		0433571C2E266F950007D780 /* SpeechRecognizer.swift */ = {isa = PBXFileReference; lastKnownFileType = sourcecode.swift; path = SpeechRecognizer.swift; sourceTree = "<group>"; };
		0433571E2E267DF90007D780 /* AIService.swift */ = {isa = PBXFileReference; lastKnownFileType = sourcecode.swift; path = AIService.swift; sourceTree = "<group>"; };
		04CA88642E26BB20008DB002 /* WaveformView.swift */ = {isa = PBXFileReference; fileEncoding = 4; lastKnownFileType = sourcecode.swift; path = WaveformView.swift; sourceTree = "<group>"; };
		04CA88662E26C0B5008DB002 /* PrimaryButtonStyle.swift */ = {isa = PBXFileReference; lastKnownFileType = sourcecode.swift; path = PrimaryButtonStyle.swift; sourceTree = "<group>"; };
		04CA88682E26C148008DB002 /* SecondaryButtonStyle.swift */ = {isa = PBXFileReference; lastKnownFileType = sourcecode.swift; path = SecondaryButtonStyle.swift; sourceTree = "<group>"; };
		04CA886F2E27496E008DB002 /* ConversationMessage.swift */ = {isa = PBXFileReference; lastKnownFileType = sourcecode.swift; path = ConversationMessage.swift; sourceTree = "<group>"; };
		04CA88712E2749BF008DB002 /* ConversationStore.swift */ = {isa = PBXFileReference; lastKnownFileType = sourcecode.swift; path = ConversationStore.swift; sourceTree = "<group>"; };
		04CA88732E274C68008DB002 /* ConversationManager.swift */ = {isa = PBXFileReference; lastKnownFileType = sourcecode.swift; path = ConversationManager.swift; sourceTree = "<group>"; };
		04CA88752E274CD6008DB002 /* ConversationHistoryView.swift */ = {isa = PBXFileReference; lastKnownFileType = sourcecode.swift; path = ConversationHistoryView.swift; sourceTree = "<group>"; };
		04CA88772E275411008DB002 /* TeamsColors.swift */ = {isa = PBXFileReference; lastKnownFileType = sourcecode.swift; path = TeamsColors.swift; sourceTree = "<group>"; };
		04CA88792E275448008DB002 /* HeaderView.swift */ = {isa = PBXFileReference; lastKnownFileType = sourcecode.swift; path = HeaderView.swift; sourceTree = "<group>"; };
		04CA887B2E27548D008DB002 /* ChatMessagesView.swift */ = {isa = PBXFileReference; lastKnownFileType = sourcecode.swift; path = ChatMessagesView.swift; sourceTree = "<group>"; };
		04CA887D2E2754CE008DB002 /* MessageBubbleView.swift */ = {isa = PBXFileReference; lastKnownFileType = sourcecode.swift; path = MessageBubbleView.swift; sourceTree = "<group>"; };
		04CA887F2E275537008DB002 /* InputAreaView.swift */ = {isa = PBXFileReference; lastKnownFileType = sourcecode.swift; path = InputAreaView.swift; sourceTree = "<group>"; };
		04CA88812E2755EE008DB002 /* ChatViewModel.swift */ = {isa = PBXFileReference; lastKnownFileType = sourcecode.swift; path = ChatViewModel.swift; sourceTree = "<group>"; };
		04CA88832E27563B008DB002 /* SpeechService.swift */ = {isa = PBXFileReference; lastKnownFileType = sourcecode.swift; path = SpeechService.swift; sourceTree = "<group>"; };
/* End PBXFileReference section */

/* Begin PBXFrameworksBuildPhase section */
		043357082E266ED60007D780 /* Frameworks */ = {
			isa = PBXFrameworksBuildPhase;
			buildActionMask = 2147483647;
			files = (
			);
			runOnlyForDeploymentPostprocessing = 0;
		};
/* End PBXFrameworksBuildPhase section */

/* Begin PBXGroup section */
		043357022E266ED60007D780 = {
			isa = PBXGroup;
			children = (
				0433570D2E266ED70007D780 /* Pocket Therapist */,
				0433570C2E266ED60007D780 /* Products */,
			);
			sourceTree = "<group>";
		};
		0433570C2E266ED60007D780 /* Products */ = {
			isa = PBXGroup;
			children = (
				0433570B2E266ED60007D780 /* Pocket Therapist.app */,
			);
			name = Products;
			sourceTree = "<group>";
		};
		0433570D2E266ED70007D780 /* Pocket Therapist */ = {
			isa = PBXGroup;
			children = (
				04CA886C2E26C415008DB002 /* Controllers */,
				0433570E2E266ED70007D780 /* Pocket_TherapistApp.swift */,
				04CA886B2E26C2CC008DB002 /* Views */,
				04CA886A2E26C2B1008DB002 /* Models */,
				043357122E266ED90007D780 /* Assets.xcassets */,
				043357142E266ED90007D780 /* Preview Content */,
			);
			path = "Pocket Therapist";
			sourceTree = "<group>";
		};
		043357142E266ED90007D780 /* Preview Content */ = {
			isa = PBXGroup;
			children = (
				043357152E266ED90007D780 /* Preview Assets.xcassets */,
			);
			path = "Preview Content";
			sourceTree = "<group>";
		};
		04CA886A2E26C2B1008DB002 /* Models */ = {
			isa = PBXGroup;
			children = (
				0433571C2E266F950007D780 /* SpeechRecognizer.swift */,
				0433571E2E267DF90007D780 /* AIService.swift */,
				04CA88662E26C0B5008DB002 /* PrimaryButtonStyle.swift */,
				04CA88682E26C148008DB002 /* SecondaryButtonStyle.swift */,
				04CA886F2E27496E008DB002 /* ConversationMessage.swift */,
				04CA88732E274C68008DB002 /* ConversationManager.swift */,
				04CA88812E2755EE008DB002 /* ChatViewModel.swift */,
			);
			path = Models;
			sourceTree = "<group>";
		};
		04CA886B2E26C2CC008DB002 /* Views */ = {
			isa = PBXGroup;
			children = (
				043357102E266ED70007D780 /* ContentView.swift */,
				04CA88642E26BB20008DB002 /* WaveformView.swift */,
				04CA88752E274CD6008DB002 /* ConversationHistoryView.swift */,
				04CA88792E275448008DB002 /* HeaderView.swift */,
				04CA887B2E27548D008DB002 /* ChatMessagesView.swift */,
				04CA887D2E2754CE008DB002 /* MessageBubbleView.swift */,
				04CA887F2E275537008DB002 /* InputAreaView.swift */,
			);
			path = Views;
			sourceTree = "<group>";
		};
		04CA886C2E26C415008DB002 /* Controllers */ = {
			isa = PBXGroup;
			children = (
				04CA88712E2749BF008DB002 /* ConversationStore.swift */,
				04CA88772E275411008DB002 /* TeamsColors.swift */,
				04CA88832E27563B008DB002 /* SpeechService.swift */,
			);
			path = Controllers;
			sourceTree = "<group>";
		};
/* End PBXGroup section */

/* Begin PBXNativeTarget section */
		0433570A2E266ED60007D780 /* Pocket Therapist */ = {
			isa = PBXNativeTarget;
			buildConfigurationList = 043357192E266ED90007D780 /* Build configuration list for PBXNativeTarget "Pocket Therapist" */;
			buildPhases = (
				043357072E266ED60007D780 /* Sources */,
				043357082E266ED60007D780 /* Frameworks */,
				043357092E266ED60007D780 /* Resources */,
			);
			buildRules = (
			);
			dependencies = (
			);
			name = "Pocket Therapist";
			productName = "Pocket Therapist";
			productReference = 0433570B2E266ED60007D780 /* Pocket Therapist.app */;
			productType = "com.apple.product-type.application";
		};
/* End PBXNativeTarget section */

/* Begin PBXProject section */
		043357032E266ED60007D780 /* Project object */ = {
			isa = PBXProject;
			attributes = {
				BuildIndependentTargetsInParallel = 1;
				LastSwiftUpdateCheck = 1400;
				LastUpgradeCheck = 1400;
				TargetAttributes = {
					0433570A2E266ED60007D780 = {
						CreatedOnToolsVersion = 14.0;
					};
				};
			};
			buildConfigurationList = 043357062E266ED60007D780 /* Build configuration list for PBXProject "Pocket Therapist" */;
			compatibilityVersion = "Xcode 14.0";
			developmentRegion = en;
			hasScannedForEncodings = 0;
			knownRegions = (
				en,
				Base,
			);
			mainGroup = 043357022E266ED60007D780;
			productRefGroup = 0433570C2E266ED60007D780 /* Products */;
			projectDirPath = "";
			projectRoot = "";
			targets = (
				0433570A2E266ED60007D780 /* Pocket Therapist */,
			);
		};
/* End PBXProject section */

/* Begin PBXResourcesBuildPhase section */
		043357092E266ED60007D780 /* Resources */ = {
			isa = PBXResourcesBuildPhase;
			buildActionMask = 2147483647;
			files = (
				043357162E266ED90007D780 /* Preview Assets.xcassets in Resources */,
				043357132E266ED90007D780 /* Assets.xcassets in Resources */,
			);
			runOnlyForDeploymentPostprocessing = 0;
		};
/* End PBXResourcesBuildPhase section */

/* Begin PBXSourcesBuildPhase section */
		043357072E266ED60007D780 /* Sources */ = {
			isa = PBXSourcesBuildPhase;
			buildActionMask = 2147483647;
			files = (
				04CA88782E275411008DB002 /* TeamsColors.swift in Sources */,
				04CA88722E2749BF008DB002 /* ConversationStore.swift in Sources */,
				04CA88802E275537008DB002 /* InputAreaView.swift in Sources */,
				04CA88672E26C0B5008DB002 /* PrimaryButtonStyle.swift in Sources */,
				043357112E266ED70007D780 /* ContentView.swift in Sources */,
				04CA88842E27563B008DB002 /* SpeechService.swift in Sources */,
				0433571F2E267DF90007D780 /* AIService.swift in Sources */,
				04CA88822E2755EE008DB002 /* ChatViewModel.swift in Sources */,
				04CA88762E274CD6008DB002 /* ConversationHistoryView.swift in Sources */,
				04CA88652E26BB20008DB002 /* WaveformView.swift in Sources */,
				04CA88702E27496E008DB002 /* ConversationMessage.swift in Sources */,
				04CA887C2E27548D008DB002 /* ChatMessagesView.swift in Sources */,
				0433570F2E266ED70007D780 /* Pocket_TherapistApp.swift in Sources */,
				0433571D2E266F950007D780 /* SpeechRecognizer.swift in Sources */,
				04CA88742E274C68008DB002 /* ConversationManager.swift in Sources */,
				04CA88692E26C148008DB002 /* SecondaryButtonStyle.swift in Sources */,
				04CA887A2E275448008DB002 /* HeaderView.swift in Sources */,
				04CA887E2E2754CE008DB002 /* MessageBubbleView.swift in Sources */,
			);
			runOnlyForDeploymentPostprocessing = 0;
		};
/* End PBXSourcesBuildPhase section */

/* Begin XCBuildConfiguration section */
		043357172E266ED90007D780 /* Debug */ = {
			isa = XCBuildConfiguration;
			buildSettings = {
				ALWAYS_SEARCH_USER_PATHS = NO;
				CLANG_ANALYZER_NONNULL = YES;
				CLANG_ANALYZER_NUMBER_OBJECT_CONVERSION = YES_AGGRESSIVE;
				CLANG_CXX_LANGUAGE_STANDARD = "gnu++20";
				CLANG_ENABLE_MODULES = YES;
				CLANG_ENABLE_OBJC_ARC = YES;
				CLANG_ENABLE_OBJC_WEAK = YES;
				CLANG_WARN_BLOCK_CAPTURE_AUTORELEASING = YES;
				CLANG_WARN_BOOL_CONVERSION = YES;
				CLANG_WARN_COMMA = YES;
				CLANG_WARN_CONSTANT_CONVERSION = YES;
				CLANG_WARN_DEPRECATED_OBJC_IMPLEMENTATIONS = YES;
				CLANG_WARN_DIRECT_OBJC_ISA_USAGE = YES_ERROR;
				CLANG_WARN_DOCUMENTATION_COMMENTS = YES;
				CLANG_WARN_EMPTY_BODY = YES;
				CLANG_WARN_ENUM_CONVERSION = YES;
				CLANG_WARN_INFINITE_RECURSION = YES;
				CLANG_WARN_INT_CONVERSION = YES;
				CLANG_WARN_NON_LITERAL_NULL_CONVERSION = YES;
				CLANG_WARN_OBJC_IMPLICIT_RETAIN_SELF = YES;
				CLANG_WARN_OBJC_LITERAL_CONVERSION = YES;
				CLANG_WARN_OBJC_ROOT_CLASS = YES_ERROR;
				CLANG_WARN_QUOTED_INCLUDE_IN_FRAMEWORK_HEADER = YES;
				CLANG_WARN_RANGE_LOOP_ANALYSIS = YES;
				CLANG_WARN_STRICT_PROTOTYPES = YES;
				CLANG_WARN_SUSPICIOUS_MOVE = YES;
				CLANG_WARN_UNGUARDED_AVAILABILITY = YES_AGGRESSIVE;
				CLANG_WARN_UNREACHABLE_CODE = YES;
				CLANG_WARN__DUPLICATE_METHOD_MATCH = YES;
				COPY_PHASE_STRIP = NO;
				DEBUG_INFORMATION_FORMAT = dwarf;
				ENABLE_STRICT_OBJC_MSGSEND = YES;
				ENABLE_TESTABILITY = YES;
				GCC_C_LANGUAGE_STANDARD = gnu11;
				GCC_DYNAMIC_NO_PIC = NO;
				GCC_NO_COMMON_BLOCKS = YES;
				GCC_OPTIMIZATION_LEVEL = 0;
				GCC_PREPROCESSOR_DEFINITIONS = (
					"DEBUG=1",
					"$(inherited)",
				);
				GCC_WARN_64_TO_32_BIT_CONVERSION = YES;
				GCC_WARN_ABOUT_RETURN_TYPE = YES_ERROR;
				GCC_WARN_UNDECLARED_SELECTOR = YES;
				GCC_WARN_UNINITIALIZED_AUTOS = YES_AGGRESSIVE;
				GCC_WARN_UNUSED_FUNCTION = YES;
				GCC_WARN_UNUSED_VARIABLE = YES;
				IPHONEOS_DEPLOYMENT_TARGET = 16.0;
				MTL_ENABLE_DEBUG_INFO = INCLUDE_SOURCE;
				MTL_FAST_MATH = YES;
				ONLY_ACTIVE_ARCH = YES;
				SDKROOT = iphoneos;
				SWIFT_ACTIVE_COMPILATION_CONDITIONS = DEBUG;
				SWIFT_OPTIMIZATION_LEVEL = "-Onone";
			};
			name = Debug;
		};
		043357182E266ED90007D780 /* Release */ = {
			isa = XCBuildConfiguration;
			buildSettings = {
				ALWAYS_SEARCH_USER_PATHS = NO;
				CLANG_ANALYZER_NONNULL = YES;
				CLANG_ANALYZER_NUMBER_OBJECT_CONVERSION = YES_AGGRESSIVE;
				CLANG_CXX_LANGUAGE_STANDARD = "gnu++20";
				CLANG_ENABLE_MODULES = YES;
				CLANG_ENABLE_OBJC_ARC = YES;
				CLANG_ENABLE_OBJC_WEAK = YES;
				CLANG_WARN_BLOCK_CAPTURE_AUTORELEASING = YES;
				CLANG_WARN_BOOL_CONVERSION = YES;
				CLANG_WARN_COMMA = YES;
				CLANG_WARN_CONSTANT_CONVERSION = YES;
				CLANG_WARN_DEPRECATED_OBJC_IMPLEMENTATIONS = YES;
				CLANG_WARN_DIRECT_OBJC_ISA_USAGE = YES_ERROR;
				CLANG_WARN_DOCUMENTATION_COMMENTS = YES;
				CLANG_WARN_EMPTY_BODY = YES;
				CLANG_WARN_ENUM_CONVERSION = YES;
				CLANG_WARN_INFINITE_RECURSION = YES;
				CLANG_WARN_INT_CONVERSION = YES;
				CLANG_WARN_NON_LITERAL_NULL_CONVERSION = YES;
				CLANG_WARN_OBJC_IMPLICIT_RETAIN_SELF = YES;
				CLANG_WARN_OBJC_LITERAL_CONVERSION = YES;
				CLANG_WARN_OBJC_ROOT_CLASS = YES_ERROR;
				CLANG_WARN_QUOTED_INCLUDE_IN_FRAMEWORK_HEADER = YES;
				CLANG_WARN_RANGE_LOOP_ANALYSIS = YES;
				CLANG_WARN_STRICT_PROTOTYPES = YES;
				CLANG_WARN_SUSPICIOUS_MOVE = YES;
				CLANG_WARN_UNGUARDED_AVAILABILITY = YES_AGGRESSIVE;
				CLANG_WARN_UNREACHABLE_CODE = YES;
				CLANG_WARN__DUPLICATE_METHOD_MATCH = YES;
				COPY_PHASE_STRIP = NO;
				DEBUG_INFORMATION_FORMAT = "dwarf-with-dsym";
				ENABLE_NS_ASSERTIONS = NO;
				ENABLE_STRICT_OBJC_MSGSEND = YES;
				GCC_C_LANGUAGE_STANDARD = gnu11;
				GCC_NO_COMMON_BLOCKS = YES;
				GCC_WARN_64_TO_32_BIT_CONVERSION = YES;
				GCC_WARN_ABOUT_RETURN_TYPE = YES_ERROR;
				GCC_WARN_UNDECLARED_SELECTOR = YES;
				GCC_WARN_UNINITIALIZED_AUTOS = YES_AGGRESSIVE;
				GCC_WARN_UNUSED_FUNCTION = YES;
				GCC_WARN_UNUSED_VARIABLE = YES;
				IPHONEOS_DEPLOYMENT_TARGET = 16.0;
				MTL_ENABLE_DEBUG_INFO = NO;
				MTL_FAST_MATH = YES;
				SDKROOT = iphoneos;
				SWIFT_COMPILATION_MODE = wholemodule;
				SWIFT_OPTIMIZATION_LEVEL = "-O";
				VALIDATE_PRODUCT = YES;
			};
			name = Release;
		};
		0433571A2E266ED90007D780 /* Debug */ = {
			isa = XCBuildConfiguration;
			buildSettings = {
				ASSETCATALOG_COMPILER_APPICON_NAME = AppIcon;
				ASSETCATALOG_COMPILER_GLOBAL_ACCENT_COLOR_NAME = AccentColor;
				CODE_SIGN_STYLE = Automatic;
				CURRENT_PROJECT_VERSION = 1;
				DEVELOPMENT_ASSET_PATHS = "\"Pocket Therapist/Preview Content\"";
				DEVELOPMENT_TEAM = Y97NN9KJD6;
				ENABLE_PREVIEWS = YES;
				GENERATE_INFOPLIST_FILE = YES;
				INFOPLIST_KEY_NSMicrophoneUsageDescription = "We need access to hear your voice";
				INFOPLIST_KEY_NSSpeechRecognitionUsageDescription = "We need this to understand your speech";
				INFOPLIST_KEY_UIApplicationSceneManifest_Generation = YES;
				INFOPLIST_KEY_UIApplicationSupportsIndirectInputEvents = YES;
				INFOPLIST_KEY_UILaunchScreen_Generation = YES;
				INFOPLIST_KEY_UISupportedInterfaceOrientations_iPad = "UIInterfaceOrientationPortrait UIInterfaceOrientationPortraitUpsideDown UIInterfaceOrientationLandscapeLeft UIInterfaceOrientationLandscapeRight";
				INFOPLIST_KEY_UISupportedInterfaceOrientations_iPhone = "UIInterfaceOrientationPortrait UIInterfaceOrientationLandscapeLeft UIInterfaceOrientationLandscapeRight";
				LD_RUNPATH_SEARCH_PATHS = (
					"$(inherited)",
					"@executable_path/Frameworks",
				);
				MARKETING_VERSION = 1.0;
				PRODUCT_BUNDLE_IDENTIFIER = "com.spectrionhub.Pocket-Therapist";
				PRODUCT_NAME = "$(TARGET_NAME)";
				SWIFT_EMIT_LOC_STRINGS = YES;
				SWIFT_VERSION = 5.0;
				TARGETED_DEVICE_FAMILY = "1,2";
			};
			name = Debug;
		};
		0433571B2E266ED90007D780 /* Release */ = {
			isa = XCBuildConfiguration;
			buildSettings = {
				ASSETCATALOG_COMPILER_APPICON_NAME = AppIcon;
				ASSETCATALOG_COMPILER_GLOBAL_ACCENT_COLOR_NAME = AccentColor;
				CODE_SIGN_STYLE = Automatic;
				CURRENT_PROJECT_VERSION = 1;
				DEVELOPMENT_ASSET_PATHS = "\"Pocket Therapist/Preview Content\"";
				DEVELOPMENT_TEAM = Y97NN9KJD6;
				ENABLE_PREVIEWS = YES;
				GENERATE_INFOPLIST_FILE = YES;
				INFOPLIST_KEY_NSMicrophoneUsageDescription = "We need access to hear your voice";
				INFOPLIST_KEY_NSSpeechRecognitionUsageDescription = "We need this to understand your speech";
				INFOPLIST_KEY_UIApplicationSceneManifest_Generation = YES;
				INFOPLIST_KEY_UIApplicationSupportsIndirectInputEvents = YES;
				INFOPLIST_KEY_UILaunchScreen_Generation = YES;
				INFOPLIST_KEY_UISupportedInterfaceOrientations_iPad = "UIInterfaceOrientationPortrait UIInterfaceOrientationPortraitUpsideDown UIInterfaceOrientationLandscapeLeft UIInterfaceOrientationLandscapeRight";
				INFOPLIST_KEY_UISupportedInterfaceOrientations_iPhone = "UIInterfaceOrientationPortrait UIInterfaceOrientationLandscapeLeft UIInterfaceOrientationLandscapeRight";
				LD_RUNPATH_SEARCH_PATHS = (
					"$(inherited)",
					"@executable_path/Frameworks",
				);
				MARKETING_VERSION = 1.0;
				PRODUCT_BUNDLE_IDENTIFIER = "com.spectrionhub.Pocket-Therapist";
				PRODUCT_NAME = "$(TARGET_NAME)";
				SWIFT_EMIT_LOC_STRINGS = YES;
				SWIFT_VERSION = 5.0;
				TARGETED_DEVICE_FAMILY = "1,2";
			};
			name = Release;
		};
/* End XCBuildConfiguration section */

/* Begin XCConfigurationList section */
		043357062E266ED60007D780 /* Build configuration list for PBXProject "Pocket Therapist" */ = {
			isa = XCConfigurationList;
			buildConfigurations = (
				043357172E266ED90007D780 /* Debug */,
				043357182E266ED90007D780 /* Release */,
			);
			defaultConfigurationIsVisible = 0;
			defaultConfigurationName = Release;
		};
		043357192E266ED90007D780 /* Build configuration list for PBXNativeTarget "Pocket Therapist" */ = {
			isa = XCConfigurationList;
			buildConfigurations = (
				0433571A2E266ED90007D780 /* Debug */,
				0433571B2E266ED90007D780 /* Release */,
			);
			defaultConfigurationIsVisible = 0;
			defaultConfigurationName = Release;
		};
/* End XCConfigurationList section */
	};
	rootObject = 043357032E266ED60007D780 /* Project object */;
}
